
Microsoft Visual Studio Solution File, Format Version 12.00
# Visual Studio 15
VisualStudioVersion = 15.0.27004.2006
MinimumVisualStudioVersion = 10.0.40219.1
Project("{FAE04EC0-301F-11D3-BF4B-00C04F79EFBC}") = "EditSection", "EditSection\EditSection.csproj", "{E0EC1C79-4200-466B-8415-DE70E18192CC}"
EndProject
Project("{FAE04EC0-301F-11D3-BF4B-00C04F79EFBC}") = "TokenViewer", "TokenViewer\TokenViewer.csproj", "{DB2E01DD-F102-49E4-9CFA-A6769073BE6D}"
EndProject
Project("{FAE04EC0-301F-11D3-BF4B-00C04F79EFBC}") = "NtApiDotNet", "NtApiDotNet\NtApiDotNet.csproj", "{6AEB5004-6093-4C23-AEAE-911D64CACC58}"
EndProject
Project("{FAE04EC0-301F-11D3-BF4B-00C04F79EFBC}") = "NtObjectManager", "NtObjectManager\NtObjectManager.csproj", "{2B17A3DD-0970-482F-976A-A4027B9B8817}"
EndProject
Project("{FAE04EC0-301F-11D3-BF4B-00C04F79EFBC}") = "ViewSecurityDescriptor", "ViewSecurityDescriptor\ViewSecurityDescriptor.csproj", "{85E8EE16-53F3-493B-90D2-49396574EFC7}"
EndProject
Global
	GlobalSection(SolutionConfigurationPlatforms) = preSolution
		Debug|Any CPU = Debug|Any CPU
		Release|Any CPU = Release|Any CPU
	EndGlobalSection
	GlobalSection(ProjectConfigurationPlatforms) = postSolution
		{E0EC1C79-4200-466B-8415-DE70E18192CC}.Debug|Any CPU.ActiveCfg = Debug|Any CPU
		{E0EC1C79-4200-466B-8415-DE70E18192CC}.Debug|Any CPU.Build.0 = Debug|Any CPU
		{E0EC1C79-4200-466B-8415-DE70E18192CC}.Release|Any CPU.ActiveCfg = Release|Any CPU
		{E0EC1C79-4200-466B-8415-DE70E18192CC}.Release|Any CPU.Build.0 = Release|Any CPU
		{DB2E01DD-F102-49E4-9CFA-A6769073BE6D}.Debug|Any CPU.ActiveCfg = Debug|Any CPU
		{DB2E01DD-F102-49E4-9CFA-A6769073BE6D}.Debug|Any CPU.Build.0 = Debug|Any CPU
		{DB2E01DD-F102-49E4-9CFA-A6769073BE6D}.Release|Any CPU.ActiveCfg = Release|Any CPU
		{DB2E01DD-F102-49E4-9CFA-A6769073BE6D}.Release|Any CPU.Build.0 = Release|Any CPU
		{6AEB5004-6093-4C23-AEAE-911D64CACC58}.Debug|Any CPU.ActiveCfg = Debug|Any CPU
		{6AEB5004-6093-4C23-AEAE-911D64CACC58}.Debug|Any CPU.Build.0 = Debug|Any CPU
		{6AEB5004-6093-4C23-AEAE-911D64CACC58}.Release|Any CPU.ActiveCfg = Release|Any CPU
		{6AEB5004-6093-4C23-AEAE-911D64CACC58}.Release|Any CPU.Build.0 = Release|Any CPU
		{2B17A3DD-0970-482F-976A-A4027B9B8817}.Debug|Any CPU.ActiveCfg = Debug|Any CPU
		{2B17A3DD-0970-482F-976A-A4027B9B8817}.Debug|Any CPU.Build.0 = Debug|Any CPU
		{2B17A3DD-0970-482F-976A-A4027B9B8817}.Release|Any CPU.ActiveCfg = Release|Any CPU
		{2B17A3DD-0970-482F-976A-A4027B9B8817}.Release|Any CPU.Build.0 = Release|Any CPU
		{85E8EE16-53F3-493B-90D2-49396574EFC7}.Debug|Any CPU.ActiveCfg = Debug|Any CPU
		{85E8EE16-53F3-493B-90D2-49396574EFC7}.Debug|Any CPU.Build.0 = Debug|Any CPU
		{85E8EE16-53F3-493B-90D2-49396574EFC7}.Release|Any CPU.ActiveCfg = Release|Any CPU
		{85E8EE16-53F3-493B-90D2-49396574EFC7}.Release|Any CPU.Build.0 = Release|Any CPU
	EndGlobalSection
	GlobalSection(SolutionProperties) = preSolution
		HideSolutionNode = FALSE
	EndGlobalSection
	GlobalSection(ExtensibilityGlobals) = postSolution
		SolutionGuid = {353135F2-251A-40E4-8F11-6B612385EFAA}
	EndGlobalSection
EndGlobal
