
Microsoft Visual Studio Solution File, Format Version 12.00
# Visual Studio Version 17
VisualStudioVersion = 17.4.33205.214
MinimumVisualStudioVersion = 10.0.40219.1
Project("{9A19103F-16F7-4668-BE54-9A1E7A4F7556}") = "NtObjectManager", "NtObjectManager\NtObjectManager.csproj", "{2B17A3DD-0970-482F-976A-A4027B9B8817}"
EndProject
Project("{9A19103F-16F7-4668-BE54-9A1E7A4F7556}") = "EditSection", "EditSection\EditSection.csproj", "{E0EC1C79-4200-466B-8415-DE70E18192CC}"
EndProject
Project("{9A19103F-16F7-4668-BE54-9A1E7A4F7556}") = "TokenViewer", "TokenViewer\TokenViewer.csproj", "{DB2E01DD-F102-49E4-9CFA-A6769073BE6D}"
EndProject
Project("{9A19103F-16F7-4668-BE54-9A1E7A4F7556}") = "NtCoreLib", "NtCoreLib\NtCoreLib.csproj", "{6AEB5004-6093-4C23-AEAE-911D64CACC58}"
EndProject
Project("{9A19103F-16F7-4668-BE54-9A1E7A4F7556}") = "ViewSecurityDescriptor", "ViewSecurityDescriptor\ViewSecurityDescriptor.csproj", "{85E8EE16-53F3-493B-90D2-49396574EFC7}"
EndProject
Project("{9A19103F-16F7-4668-BE54-9A1E7A4F7556}") = "Be.Windows.Forms.HexBox", "third_party\Be.Windows.Forms.HexBox\Be.Windows.Forms.HexBox.csproj", "{26C5F25F-B450-4CAF-AD8B-B8D11AE73457}"
EndProject
Project("{9A19103F-16F7-4668-BE54-9A1E7A4F7556}") = "NtCoreLib.Forms", "NtCoreLib.Forms\NtCoreLib.Forms.csproj", "{387534F7-2590-4CF3-A483-F292FB30A59A}"
EndProject
Global
	GlobalSection(SolutionConfigurationPlatforms) = preSolution
		Debug|Any CPU = Debug|Any CPU
		Publish|Any CPU = Publish|Any CPU
		Release|Any CPU = Release|Any CPU
	EndGlobalSection
	GlobalSection(ProjectConfigurationPlatforms) = postSolution
		{E0EC1C79-4200-466B-8415-DE70E18192CC}.Debug|Any CPU.ActiveCfg = Debug|Any CPU
		{E0EC1C79-4200-466B-8415-DE70E18192CC}.Debug|Any CPU.Build.0 = Debug|Any CPU
		{E0EC1C79-4200-466B-8415-DE70E18192CC}.Publish|Any CPU.ActiveCfg = Publish|Any CPU
		{E0EC1C79-4200-466B-8415-DE70E18192CC}.Publish|Any CPU.Build.0 = Publish|Any CPU
		{E0EC1C79-4200-466B-8415-DE70E18192CC}.Release|Any CPU.ActiveCfg = Release|Any CPU
		{E0EC1C79-4200-466B-8415-DE70E18192CC}.Release|Any CPU.Build.0 = Release|Any CPU
		{DB2E01DD-F102-49E4-9CFA-A6769073BE6D}.Debug|Any CPU.ActiveCfg = Debug|Any CPU
		{DB2E01DD-F102-49E4-9CFA-A6769073BE6D}.Debug|Any CPU.Build.0 = Debug|Any CPU
		{DB2E01DD-F102-49E4-9CFA-A6769073BE6D}.Publish|Any CPU.ActiveCfg = Publish|Any CPU
		{DB2E01DD-F102-49E4-9CFA-A6769073BE6D}.Publish|Any CPU.Build.0 = Publish|Any CPU
		{DB2E01DD-F102-49E4-9CFA-A6769073BE6D}.Release|Any CPU.ActiveCfg = Release|Any CPU
		{DB2E01DD-F102-49E4-9CFA-A6769073BE6D}.Release|Any CPU.Build.0 = Release|Any CPU
		{6AEB5004-6093-4C23-AEAE-911D64CACC58}.Debug|Any CPU.ActiveCfg = Debug|Any CPU
		{6AEB5004-6093-4C23-AEAE-911D64CACC58}.Debug|Any CPU.Build.0 = Debug|Any CPU
		{6AEB5004-6093-4C23-AEAE-911D64CACC58}.Publish|Any CPU.ActiveCfg = Publish|Any CPU
		{6AEB5004-6093-4C23-AEAE-911D64CACC58}.Publish|Any CPU.Build.0 = Publish|Any CPU
		{6AEB5004-6093-4C23-AEAE-911D64CACC58}.Release|Any CPU.ActiveCfg = Release|Any CPU
		{6AEB5004-6093-4C23-AEAE-911D64CACC58}.Release|Any CPU.Build.0 = Release|Any CPU
		{2B17A3DD-0970-482F-976A-A4027B9B8817}.Debug|Any CPU.ActiveCfg = Debug|Any CPU
		{2B17A3DD-0970-482F-976A-A4027B9B8817}.Debug|Any CPU.Build.0 = Debug|Any CPU
		{2B17A3DD-0970-482F-976A-A4027B9B8817}.Publish|Any CPU.ActiveCfg = Publish|Any CPU
		{2B17A3DD-0970-482F-976A-A4027B9B8817}.Publish|Any CPU.Build.0 = Publish|Any CPU
		{2B17A3DD-0970-482F-976A-A4027B9B8817}.Release|Any CPU.ActiveCfg = Release|Any CPU
		{2B17A3DD-0970-482F-976A-A4027B9B8817}.Release|Any CPU.Build.0 = Release|Any CPU
		{85E8EE16-53F3-493B-90D2-49396574EFC7}.Debug|Any CPU.ActiveCfg = Debug|Any CPU
		{85E8EE16-53F3-493B-90D2-49396574EFC7}.Debug|Any CPU.Build.0 = Debug|Any CPU
		{85E8EE16-53F3-493B-90D2-49396574EFC7}.Publish|Any CPU.ActiveCfg = Publish|Any CPU
		{85E8EE16-53F3-493B-90D2-49396574EFC7}.Publish|Any CPU.Build.0 = Publish|Any CPU
		{85E8EE16-53F3-493B-90D2-49396574EFC7}.Release|Any CPU.ActiveCfg = Release|Any CPU
		{85E8EE16-53F3-493B-90D2-49396574EFC7}.Release|Any CPU.Build.0 = Release|Any CPU
		{26C5F25F-B450-4CAF-AD8B-B8D11AE73457}.Debug|Any CPU.ActiveCfg = Debug|Any CPU
		{26C5F25F-B450-4CAF-AD8B-B8D11AE73457}.Debug|Any CPU.Build.0 = Debug|Any CPU
		{26C5F25F-B450-4CAF-AD8B-B8D11AE73457}.Publish|Any CPU.ActiveCfg = Publish|Any CPU
		{26C5F25F-B450-4CAF-AD8B-B8D11AE73457}.Publish|Any CPU.Build.0 = Publish|Any CPU
		{26C5F25F-B450-4CAF-AD8B-B8D11AE73457}.Release|Any CPU.ActiveCfg = Release|Any CPU
		{26C5F25F-B450-4CAF-AD8B-B8D11AE73457}.Release|Any CPU.Build.0 = Release|Any CPU
		{387534F7-2590-4CF3-A483-F292FB30A59A}.Debug|Any CPU.ActiveCfg = Debug|Any CPU
		{387534F7-2590-4CF3-A483-F292FB30A59A}.Debug|Any CPU.Build.0 = Debug|Any CPU
		{387534F7-2590-4CF3-A483-F292FB30A59A}.Publish|Any CPU.ActiveCfg = Publish|Any CPU
		{387534F7-2590-4CF3-A483-F292FB30A59A}.Publish|Any CPU.Build.0 = Publish|Any CPU
		{387534F7-2590-4CF3-A483-F292FB30A59A}.Release|Any CPU.ActiveCfg = Release|Any CPU
		{387534F7-2590-4CF3-A483-F292FB30A59A}.Release|Any CPU.Build.0 = Release|Any CPU
	EndGlobalSection
	GlobalSection(SolutionProperties) = preSolution
		HideSolutionNode = FALSE
	EndGlobalSection
	GlobalSection(ExtensibilityGlobals) = postSolution
		SolutionGuid = {353135F2-251A-40E4-8F11-6B612385EFAA}
	EndGlobalSection
EndGlobal
