
Microsoft Visual Studio Solution File, Format Version 12.00
# Visual Studio 2013
VisualStudioVersion = 12.0.40629.0
MinimumVisualStudioVersion = 10.0.40219.1
Project("{8BC9CEB8-8B4A-11D0-8D11-00A0C91BC942}") = "HandleUtils", "HandleUtils\HandleUtils.vcxproj", "{B560E20B-1509-4FD1-9EE1-963D97A08A2D}"
EndProject
Project("{FAE04EC0-301F-11D3-BF4B-00C04F79EFBC}") = "GetHandles", "GetHandles\GetHandles.csproj", "{9970FE20-5E34-40D2-9ADF-432CA85CF0C5}"
EndProject
Project("{FAE04EC0-301F-11D3-BF4B-00C04F79EFBC}") = "CommonObjects", "CommonObjects\CommonObjects.csproj", "{7772BF43-7DA6-48DF-A0DE-62920DF70D2C}"
EndProject
Project("{FAE04EC0-301F-11D3-BF4B-00C04F79EFBC}") = "EditSection", "EditSection\EditSection.csproj", "{E0EC1C79-4200-466B-8415-DE70E18192CC}"
EndProject
Project("{FAE04EC0-301F-11D3-BF4B-00C04F79EFBC}") = "ObjectList", "ObjectList\ObjectList.csproj", "{1460C34B-26A1-4393-9DDD-A0233F22AC13}"
EndProject
Project("{FAE04EC0-301F-11D3-BF4B-00C04F79EFBC}") = "DumpTypeInfo", "DumpTypeInfo\DumpTypeInfo.csproj", "{8AB24BB1-D63E-465E-A164-55AEE2DB2824}"
EndProject
Project("{FAE04EC0-301F-11D3-BF4B-00C04F79EFBC}") = "CheckFileAccess", "CheckFileAccess\CheckFileAccess.csproj", "{9A6631CC-1861-4F64-ACCD-1C5B1FF04433}"
EndProject
Project("{FAE04EC0-301F-11D3-BF4B-00C04F79EFBC}") = "CheckRegistryAccess", "CheckRegistryAccess\CheckRegistryAccess.csproj", "{081773A4-2CB6-4F0F-8F32-37C3D890751B}"
EndProject
Project("{FAE04EC0-301F-11D3-BF4B-00C04F79EFBC}") = "CheckObjectManagerAccess", "CheckObjectManagerAccess\CheckObjectManagerAccess.csproj", "{1B125584-15E9-48FD-A08D-816EDF5E5F4B}"
EndProject
Project("{FAE04EC0-301F-11D3-BF4B-00C04F79EFBC}") = "CheckDeviceAccess", "CheckDeviceAccess\CheckDeviceAccess.csproj", "{B9DB7B0A-8B01-4EEB-B08C-070F62402D6B}"
EndProject
Project("{FAE04EC0-301F-11D3-BF4B-00C04F79EFBC}") = "CheckProcessAccess", "CheckProcessAccess\CheckProcessAccess.csproj", "{70ED61AE-BC31-4DC0-8CAB-8BACF869769E}"
EndProject
Project("{8BC9CEB8-8B4A-11D0-8D11-00A0C91BC942}") = "NewProcessFromToken", "NewProcessFromToken\NewProcessFromToken.vcxproj", "{2EAE5943-E28B-4F24-8814-3AB422B319CD}"
EndProject
Project("{FAE04EC0-301F-11D3-BF4B-00C04F79EFBC}") = "CheckExeManifest", "CheckExeManifest\CheckExeManifest.csproj", "{7477C04B-E558-49BF-A9F2-C4A1DBBAC73D}"
EndProject
Project("{FAE04EC0-301F-11D3-BF4B-00C04F79EFBC}") = "CheckNetworkAccess", "CheckNetworkAccess\CheckNetworkAccess.csproj", "{A6BA67F9-F91C-4F4F-B677-FE8BB78B1B9D}"
EndProject
Project("{FAE04EC0-301F-11D3-BF4B-00C04F79EFBC}") = "TokenViewer", "TokenViewer\TokenViewer.csproj", "{DB2E01DD-F102-49E4-9CFA-A6769073BE6D}"
EndProject
Project("{FAE04EC0-301F-11D3-BF4B-00C04F79EFBC}") = "DumpProcessMitigations", "DumpProcessMitigations\DumpProcessMitigations.csproj", "{BB64E202-BA56-4334-BE1B-20A4AEACB4CF}"
EndProject
Global
	GlobalSection(SolutionConfigurationPlatforms) = preSolution
		Debug|Win32 = Debug|Win32
		Debug|x64 = Debug|x64
		Release|Win32 = Release|Win32
		Release|x64 = Release|x64
	EndGlobalSection
	GlobalSection(ProjectConfigurationPlatforms) = postSolution
		{B560E20B-1509-4FD1-9EE1-963D97A08A2D}.Debug|Win32.ActiveCfg = Debug|Win32
		{B560E20B-1509-4FD1-9EE1-963D97A08A2D}.Debug|Win32.Build.0 = Debug|Win32
		{B560E20B-1509-4FD1-9EE1-963D97A08A2D}.Debug|x64.ActiveCfg = Debug|x64
		{B560E20B-1509-4FD1-9EE1-963D97A08A2D}.Debug|x64.Build.0 = Debug|x64
		{B560E20B-1509-4FD1-9EE1-963D97A08A2D}.Release|Win32.ActiveCfg = Release|Win32
		{B560E20B-1509-4FD1-9EE1-963D97A08A2D}.Release|Win32.Build.0 = Release|Win32
		{B560E20B-1509-4FD1-9EE1-963D97A08A2D}.Release|x64.ActiveCfg = Release|x64
		{B560E20B-1509-4FD1-9EE1-963D97A08A2D}.Release|x64.Build.0 = Release|x64
		{9970FE20-5E34-40D2-9ADF-432CA85CF0C5}.Debug|Win32.ActiveCfg = Debug|x86
		{9970FE20-5E34-40D2-9ADF-432CA85CF0C5}.Debug|Win32.Build.0 = Debug|x86
		{9970FE20-5E34-40D2-9ADF-432CA85CF0C5}.Debug|x64.ActiveCfg = Debug|x64
		{9970FE20-5E34-40D2-9ADF-432CA85CF0C5}.Debug|x64.Build.0 = Debug|x64
		{9970FE20-5E34-40D2-9ADF-432CA85CF0C5}.Release|Win32.ActiveCfg = Release|x86
		{9970FE20-5E34-40D2-9ADF-432CA85CF0C5}.Release|Win32.Build.0 = Release|x86
		{9970FE20-5E34-40D2-9ADF-432CA85CF0C5}.Release|x64.ActiveCfg = Release|x64
		{9970FE20-5E34-40D2-9ADF-432CA85CF0C5}.Release|x64.Build.0 = Release|x64
		{7772BF43-7DA6-48DF-A0DE-62920DF70D2C}.Debug|Win32.ActiveCfg = Debug|x86
		{7772BF43-7DA6-48DF-A0DE-62920DF70D2C}.Debug|Win32.Build.0 = Debug|x86
		{7772BF43-7DA6-48DF-A0DE-62920DF70D2C}.Debug|x64.ActiveCfg = Debug|x64
		{7772BF43-7DA6-48DF-A0DE-62920DF70D2C}.Debug|x64.Build.0 = Debug|x64
		{7772BF43-7DA6-48DF-A0DE-62920DF70D2C}.Release|Win32.ActiveCfg = Release|x86
		{7772BF43-7DA6-48DF-A0DE-62920DF70D2C}.Release|Win32.Build.0 = Release|x86
		{7772BF43-7DA6-48DF-A0DE-62920DF70D2C}.Release|x64.ActiveCfg = Release|x64
		{7772BF43-7DA6-48DF-A0DE-62920DF70D2C}.Release|x64.Build.0 = Release|x64
		{E0EC1C79-4200-466B-8415-DE70E18192CC}.Debug|Win32.ActiveCfg = Debug|x86
		{E0EC1C79-4200-466B-8415-DE70E18192CC}.Debug|Win32.Build.0 = Debug|x86
		{E0EC1C79-4200-466B-8415-DE70E18192CC}.Debug|x64.ActiveCfg = Debug|x64
		{E0EC1C79-4200-466B-8415-DE70E18192CC}.Debug|x64.Build.0 = Debug|x64
		{E0EC1C79-4200-466B-8415-DE70E18192CC}.Release|Win32.ActiveCfg = Release|x86
		{E0EC1C79-4200-466B-8415-DE70E18192CC}.Release|Win32.Build.0 = Release|x86
		{E0EC1C79-4200-466B-8415-DE70E18192CC}.Release|x64.ActiveCfg = Release|x64
		{E0EC1C79-4200-466B-8415-DE70E18192CC}.Release|x64.Build.0 = Release|x64
		{1460C34B-26A1-4393-9DDD-A0233F22AC13}.Debug|Win32.ActiveCfg = Debug|x86
		{1460C34B-26A1-4393-9DDD-A0233F22AC13}.Debug|Win32.Build.0 = Debug|x86
		{1460C34B-26A1-4393-9DDD-A0233F22AC13}.Debug|x64.ActiveCfg = Debug|x64
		{1460C34B-26A1-4393-9DDD-A0233F22AC13}.Debug|x64.Build.0 = Debug|x64
		{1460C34B-26A1-4393-9DDD-A0233F22AC13}.Release|Win32.ActiveCfg = Release|x86
		{1460C34B-26A1-4393-9DDD-A0233F22AC13}.Release|Win32.Build.0 = Release|x86
		{1460C34B-26A1-4393-9DDD-A0233F22AC13}.Release|x64.ActiveCfg = Release|x64
		{1460C34B-26A1-4393-9DDD-A0233F22AC13}.Release|x64.Build.0 = Release|x64
		{8AB24BB1-D63E-465E-A164-55AEE2DB2824}.Debug|Win32.ActiveCfg = Debug|x86
		{8AB24BB1-D63E-465E-A164-55AEE2DB2824}.Debug|Win32.Build.0 = Debug|x86
		{8AB24BB1-D63E-465E-A164-55AEE2DB2824}.Debug|x64.ActiveCfg = Debug|x64
		{8AB24BB1-D63E-465E-A164-55AEE2DB2824}.Debug|x64.Build.0 = Debug|x64
		{8AB24BB1-D63E-465E-A164-55AEE2DB2824}.Release|Win32.ActiveCfg = Release|x86
		{8AB24BB1-D63E-465E-A164-55AEE2DB2824}.Release|Win32.Build.0 = Release|x86
		{8AB24BB1-D63E-465E-A164-55AEE2DB2824}.Release|x64.ActiveCfg = Release|x64
		{8AB24BB1-D63E-465E-A164-55AEE2DB2824}.Release|x64.Build.0 = Release|x64
		{9A6631CC-1861-4F64-ACCD-1C5B1FF04433}.Debug|Win32.ActiveCfg = Debug|x86
		{9A6631CC-1861-4F64-ACCD-1C5B1FF04433}.Debug|Win32.Build.0 = Debug|x86
		{9A6631CC-1861-4F64-ACCD-1C5B1FF04433}.Debug|x64.ActiveCfg = Debug|x64
		{9A6631CC-1861-4F64-ACCD-1C5B1FF04433}.Debug|x64.Build.0 = Debug|x64
		{9A6631CC-1861-4F64-ACCD-1C5B1FF04433}.Release|Win32.ActiveCfg = Release|x86
		{9A6631CC-1861-4F64-ACCD-1C5B1FF04433}.Release|Win32.Build.0 = Release|x86
		{9A6631CC-1861-4F64-ACCD-1C5B1FF04433}.Release|x64.ActiveCfg = Release|x64
		{9A6631CC-1861-4F64-ACCD-1C5B1FF04433}.Release|x64.Build.0 = Release|x64
		{081773A4-2CB6-4F0F-8F32-37C3D890751B}.Debug|Win32.ActiveCfg = Debug|x86
		{081773A4-2CB6-4F0F-8F32-37C3D890751B}.Debug|Win32.Build.0 = Debug|x86
		{081773A4-2CB6-4F0F-8F32-37C3D890751B}.Debug|x64.ActiveCfg = Debug|x64
		{081773A4-2CB6-4F0F-8F32-37C3D890751B}.Debug|x64.Build.0 = Debug|x64
		{081773A4-2CB6-4F0F-8F32-37C3D890751B}.Release|Win32.ActiveCfg = Release|x86
		{081773A4-2CB6-4F0F-8F32-37C3D890751B}.Release|Win32.Build.0 = Release|x86
		{081773A4-2CB6-4F0F-8F32-37C3D890751B}.Release|x64.ActiveCfg = Release|x64
		{081773A4-2CB6-4F0F-8F32-37C3D890751B}.Release|x64.Build.0 = Release|x64
		{1B125584-15E9-48FD-A08D-816EDF5E5F4B}.Debug|Win32.ActiveCfg = Debug|x86
		{1B125584-15E9-48FD-A08D-816EDF5E5F4B}.Debug|Win32.Build.0 = Debug|x86
		{1B125584-15E9-48FD-A08D-816EDF5E5F4B}.Debug|x64.ActiveCfg = Debug|x64
		{1B125584-15E9-48FD-A08D-816EDF5E5F4B}.Debug|x64.Build.0 = Debug|x64
		{1B125584-15E9-48FD-A08D-816EDF5E5F4B}.Release|Win32.ActiveCfg = Release|x86
		{1B125584-15E9-48FD-A08D-816EDF5E5F4B}.Release|Win32.Build.0 = Release|x86
		{1B125584-15E9-48FD-A08D-816EDF5E5F4B}.Release|x64.ActiveCfg = Release|x64
		{1B125584-15E9-48FD-A08D-816EDF5E5F4B}.Release|x64.Build.0 = Release|x64
		{B9DB7B0A-8B01-4EEB-B08C-070F62402D6B}.Debug|Win32.ActiveCfg = Debug|x86
		{B9DB7B0A-8B01-4EEB-B08C-070F62402D6B}.Debug|Win32.Build.0 = Debug|x86
		{B9DB7B0A-8B01-4EEB-B08C-070F62402D6B}.Debug|x64.ActiveCfg = Debug|x64
		{B9DB7B0A-8B01-4EEB-B08C-070F62402D6B}.Debug|x64.Build.0 = Debug|x64
		{B9DB7B0A-8B01-4EEB-B08C-070F62402D6B}.Release|Win32.ActiveCfg = Release|x86
		{B9DB7B0A-8B01-4EEB-B08C-070F62402D6B}.Release|Win32.Build.0 = Release|x86
		{B9DB7B0A-8B01-4EEB-B08C-070F62402D6B}.Release|x64.ActiveCfg = Release|x64
		{B9DB7B0A-8B01-4EEB-B08C-070F62402D6B}.Release|x64.Build.0 = Release|x64
		{70ED61AE-BC31-4DC0-8CAB-8BACF869769E}.Debug|Win32.ActiveCfg = Debug|x86
		{70ED61AE-BC31-4DC0-8CAB-8BACF869769E}.Debug|Win32.Build.0 = Debug|x86
		{70ED61AE-BC31-4DC0-8CAB-8BACF869769E}.Debug|x64.ActiveCfg = Debug|x64
		{70ED61AE-BC31-4DC0-8CAB-8BACF869769E}.Debug|x64.Build.0 = Debug|x64
		{70ED61AE-BC31-4DC0-8CAB-8BACF869769E}.Release|Win32.ActiveCfg = Release|x86
		{70ED61AE-BC31-4DC0-8CAB-8BACF869769E}.Release|Win32.Build.0 = Release|x86
		{70ED61AE-BC31-4DC0-8CAB-8BACF869769E}.Release|x64.ActiveCfg = Release|x64
		{70ED61AE-BC31-4DC0-8CAB-8BACF869769E}.Release|x64.Build.0 = Release|x64
		{2EAE5943-E28B-4F24-8814-3AB422B319CD}.Debug|Win32.ActiveCfg = Debug|Win32
		{2EAE5943-E28B-4F24-8814-3AB422B319CD}.Debug|Win32.Build.0 = Debug|Win32
		{2EAE5943-E28B-4F24-8814-3AB422B319CD}.Debug|x64.ActiveCfg = Debug|x64
		{2EAE5943-E28B-4F24-8814-3AB422B319CD}.Debug|x64.Build.0 = Debug|x64
		{2EAE5943-E28B-4F24-8814-3AB422B319CD}.Release|Win32.ActiveCfg = Release|Win32
		{2EAE5943-E28B-4F24-8814-3AB422B319CD}.Release|Win32.Build.0 = Release|Win32
		{2EAE5943-E28B-4F24-8814-3AB422B319CD}.Release|x64.ActiveCfg = Release|x64
		{2EAE5943-E28B-4F24-8814-3AB422B319CD}.Release|x64.Build.0 = Release|x64
		{7477C04B-E558-49BF-A9F2-C4A1DBBAC73D}.Debug|Win32.ActiveCfg = Debug|x86
		{7477C04B-E558-49BF-A9F2-C4A1DBBAC73D}.Debug|Win32.Build.0 = Debug|x86
		{7477C04B-E558-49BF-A9F2-C4A1DBBAC73D}.Debug|x64.ActiveCfg = Debug|x64
		{7477C04B-E558-49BF-A9F2-C4A1DBBAC73D}.Debug|x64.Build.0 = Debug|x64
		{7477C04B-E558-49BF-A9F2-C4A1DBBAC73D}.Release|Win32.ActiveCfg = Release|x86
		{7477C04B-E558-49BF-A9F2-C4A1DBBAC73D}.Release|Win32.Build.0 = Release|x86
		{7477C04B-E558-49BF-A9F2-C4A1DBBAC73D}.Release|x64.ActiveCfg = Release|x64
		{7477C04B-E558-49BF-A9F2-C4A1DBBAC73D}.Release|x64.Build.0 = Release|x64
		{A6BA67F9-F91C-4F4F-B677-FE8BB78B1B9D}.Debug|Win32.ActiveCfg = Debug|x86
		{A6BA67F9-F91C-4F4F-B677-FE8BB78B1B9D}.Debug|Win32.Build.0 = Debug|x86
		{A6BA67F9-F91C-4F4F-B677-FE8BB78B1B9D}.Debug|x64.ActiveCfg = Debug|x64
		{A6BA67F9-F91C-4F4F-B677-FE8BB78B1B9D}.Debug|x64.Build.0 = Debug|x64
		{A6BA67F9-F91C-4F4F-B677-FE8BB78B1B9D}.Release|Win32.ActiveCfg = Release|x86
		{A6BA67F9-F91C-4F4F-B677-FE8BB78B1B9D}.Release|Win32.Build.0 = Release|x86
		{A6BA67F9-F91C-4F4F-B677-FE8BB78B1B9D}.Release|x64.ActiveCfg = Release|x64
		{A6BA67F9-F91C-4F4F-B677-FE8BB78B1B9D}.Release|x64.Build.0 = Release|x64
		{DB2E01DD-F102-49E4-9CFA-A6769073BE6D}.Debug|Win32.ActiveCfg = Debug|x86
		{DB2E01DD-F102-49E4-9CFA-A6769073BE6D}.Debug|Win32.Build.0 = Debug|x86
		{DB2E01DD-F102-49E4-9CFA-A6769073BE6D}.Debug|x64.ActiveCfg = Debug|x64
		{DB2E01DD-F102-49E4-9CFA-A6769073BE6D}.Debug|x64.Build.0 = Debug|x64
		{DB2E01DD-F102-49E4-9CFA-A6769073BE6D}.Release|Win32.ActiveCfg = Release|x86
		{DB2E01DD-F102-49E4-9CFA-A6769073BE6D}.Release|Win32.Build.0 = Release|x86
		{DB2E01DD-F102-49E4-9CFA-A6769073BE6D}.Release|x64.ActiveCfg = Release|x64
		{DB2E01DD-F102-49E4-9CFA-A6769073BE6D}.Release|x64.Build.0 = Release|x64
		{BB64E202-BA56-4334-BE1B-20A4AEACB4CF}.Debug|Win32.ActiveCfg = Debug|x86
		{BB64E202-BA56-4334-BE1B-20A4AEACB4CF}.Debug|Win32.Build.0 = Debug|x86
		{BB64E202-BA56-4334-BE1B-20A4AEACB4CF}.Debug|x64.ActiveCfg = Debug|x64
		{BB64E202-BA56-4334-BE1B-20A4AEACB4CF}.Debug|x64.Build.0 = Debug|x64
		{BB64E202-BA56-4334-BE1B-20A4AEACB4CF}.Release|Win32.ActiveCfg = Release|x86
		{BB64E202-BA56-4334-BE1B-20A4AEACB4CF}.Release|Win32.Build.0 = Release|x86
		{BB64E202-BA56-4334-BE1B-20A4AEACB4CF}.Release|x64.ActiveCfg = Release|x64
		{BB64E202-BA56-4334-BE1B-20A4AEACB4CF}.Release|x64.Build.0 = Release|x64
	EndGlobalSection
	GlobalSection(SolutionProperties) = preSolution
		HideSolutionNode = FALSE
	EndGlobalSection
EndGlobal
